
Microsoft Visual Studio Solution File, Format Version 12.00
# Visual Studio Version 16
VisualStudioVersion = 16.0.31729.503
MinimumVisualStudioVersion = 10.0.40219.1
Project("{FAE04EC0-301F-11D3-BF4B-00C04F79EFBC}") = "prac3.3(c)", "prac3.3(c)\prac3.3(c).csproj", "{552FB0FD-7995-4ED6-984A-400A596E3A27}"
EndProject
Global
	GlobalSection(SolutionConfigurationPlatforms) = preSolution
		Debug|Any CPU = Debug|Any CPU
		Release|Any CPU = Release|Any CPU
	EndGlobalSection
	GlobalSection(ProjectConfigurationPlatforms) = postSolution
		{552FB0FD-7995-4ED6-984A-400A596E3A27}.Debug|Any CPU.ActiveCfg = Debug|Any CPU
		{552FB0FD-7995-4ED6-984A-400A596E3A27}.Debug|Any CPU.Build.0 = Debug|Any CPU
		{552FB0FD-7995-4ED6-984A-400A596E3A27}.Release|Any CPU.ActiveCfg = Release|Any CPU
		{552FB0FD-7995-4ED6-984A-400A596E3A27}.Release|Any CPU.Build.0 = Release|Any CPU
	EndGlobalSection
	GlobalSection(SolutionProperties) = preSolution
		HideSolutionNode = FALSE
	EndGlobalSection
	GlobalSection(ExtensibilityGlobals) = postSolution
		SolutionGuid = {96408DB1-6EAB-45F0-882F-1C3C2A6D6D00}
	EndGlobalSection
EndGlobal
